
Microsoft Visual Studio Solution File, Format Version 12.00
# Visual Studio Version 17
VisualStudioVersion = 17.0.32014.148
MinimumVisualStudioVersion = 10.0.40219.1
Project("{9A19103F-16F7-4668-BE54-9A1E7A4F7556}") = "Nager.LongWeekend", "Nager.LongWeekend\Nager.LongWeekend.csproj", "{E2A2C041-9629-45D2-8948-6C0F3C584C0A}"
EndProject
Project("{9A19103F-16F7-4668-BE54-9A1E7A4F7556}") = "Nager.LongWeekend.UnitTest", "Nager.LongWeekend.UnitTest\Nager.LongWeekend.UnitTest.csproj", "{69316D06-B0A6-4867-B763-43DA61917DC5}"
EndProject
Global
	GlobalSection(SolutionConfigurationPlatforms) = preSolution
		Debug|Any CPU = Debug|Any CPU
		Release|Any CPU = Release|Any CPU
	EndGlobalSection
	GlobalSection(ProjectConfigurationPlatforms) = postSolution
		{E2A2C041-9629-45D2-8948-6C0F3C584C0A}.Debug|Any CPU.ActiveCfg = Debug|Any CPU
		{E2A2C041-9629-45D2-8948-6C0F3C584C0A}.Debug|Any CPU.Build.0 = Debug|Any CPU
		{E2A2C041-9629-45D2-8948-6C0F3C584C0A}.Release|Any CPU.ActiveCfg = Release|Any CPU
		{E2A2C041-9629-45D2-8948-6C0F3C584C0A}.Release|Any CPU.Build.0 = Release|Any CPU
		{69316D06-B0A6-4867-B763-43DA61917DC5}.Debug|Any CPU.ActiveCfg = Debug|Any CPU
		{69316D06-B0A6-4867-B763-43DA61917DC5}.Debug|Any CPU.Build.0 = Debug|Any CPU
		{69316D06-B0A6-4867-B763-43DA61917DC5}.Release|Any CPU.ActiveCfg = Release|Any CPU
		{69316D06-B0A6-4867-B763-43DA61917DC5}.Release|Any CPU.Build.0 = Release|Any CPU
	EndGlobalSection
	GlobalSection(SolutionProperties) = preSolution
		HideSolutionNode = FALSE
	EndGlobalSection
	GlobalSection(ExtensibilityGlobals) = postSolution
		SolutionGuid = {411162EF-9BFB-42F6-A1BA-F122E2DEA6C3}
	EndGlobalSection
EndGlobal
